
Microsoft Visual Studio Solution File, Format Version 12.00
# Visual Studio Version 17
VisualStudioVersion = 17.5.33502.453
MinimumVisualStudioVersion = 10.0.40219.1
Project("{9A19103F-16F7-4668-BE54-9A1E7A4F7556}") = "01. Ages", "01. Ages\01. Ages.csproj", "{6D55CCB2-3E65-45C9-9F7D-6473499CC090}"
EndProject
Project("{9A19103F-16F7-4668-BE54-9A1E7A4F7556}") = "02. Division", "02. Division\02. Division.csproj", "{99B4D3D1-C562-4E3E-AA0D-EE7D6E61D253}"
EndProject
Project("{9A19103F-16F7-4668-BE54-9A1E7A4F7556}") = "03. Vacation", "03. Vacation\03. Vacation.csproj", "{8E8E8E52-F524-4D4E-874D-A9CB22F9024E}"
EndProject
Project("{9A19103F-16F7-4668-BE54-9A1E7A4F7556}") = "04. Print and sum", "04. Print and sum\04. Print and sum.csproj", "{B26B0CA4-47DD-4623-8750-7612CB982962}"
EndProject
Project("{9A19103F-16F7-4668-BE54-9A1E7A4F7556}") = "05. Login", "05. Login\05. Login.csproj", "{348F10F4-8618-422C-B190-0D8B0275E9A4}"
EndProject
Project("{9A19103F-16F7-4668-BE54-9A1E7A4F7556}") = "05. Login 2", "05. Login 2\05. Login 2.csproj", "{F2E0697A-0614-4B60-A5F0-A855AE74D9C5}"
EndProject
Project("{9A19103F-16F7-4668-BE54-9A1E7A4F7556}") = "06. Strong number", "06. Strong number\06. Strong number.csproj", "{54A39068-9A11-452E-8587-38FE8B1D526F}"
EndProject
Project("{9A19103F-16F7-4668-BE54-9A1E7A4F7556}") = "07. Vending Machine", "07. Vending Machine\07. Vending Machine.csproj", "{3C448357-A0CF-4449-96A7-86ACEB27A84E}"
EndProject
Project("{9A19103F-16F7-4668-BE54-9A1E7A4F7556}") = "08. Triangle of Numbers", "08. Triangle of Numbers\08. Triangle of Numbers.csproj", "{B17BF923-59E6-4A19-9520-0113AECC5717}"
EndProject
Project("{9A19103F-16F7-4668-BE54-9A1E7A4F7556}") = "09. Padawan Equipment", "09. Padawan Equipment\09. Padawan Equipment.csproj", "{EB7D93E0-7E2D-4980-8C3C-1D489A0B7BF6}"
EndProject
Project("{9A19103F-16F7-4668-BE54-9A1E7A4F7556}") = "10. Rage Expenses", "10. Rage Expenses\10. Rage Expenses.csproj", "{4A97164F-CBFF-42FD-BFEE-9B82CD30B1B7}"
EndProject
Project("{9A19103F-16F7-4668-BE54-9A1E7A4F7556}") = "11. Orders", "11. Orders\11. Orders.csproj", "{FBF92BDE-2D00-425C-A656-67599136EAFF}"
EndProject
Project("{9A19103F-16F7-4668-BE54-9A1E7A4F7556}") = "01. Sort Numbers", "01. Sort Numbers\01. Sort Numbers.csproj", "{CBAA6D43-A6DE-451E-AA8B-F0B87ADF92EB}"
EndProject
Project("{FAE04EC0-301F-11D3-BF4B-00C04F79EFBC}") = "02. English Name of the Last Digit", "02. English Name of the Last Digit\02. English Name of the Last Digit.csproj", "{5935C8C9-1473-4587-BF2B-67C790F0494A}"
EndProject
Project("{FAE04EC0-301F-11D3-BF4B-00C04F79EFBC}") = "03. Gaming Store", "03. Gaming Store\03. Gaming Store.csproj", "{0DE86A1B-A279-4250-B569-0E832B8A9BBA}"
EndProject
Project("{FAE04EC0-301F-11D3-BF4B-00C04F79EFBC}") = "04. Reverse String", "04. Reverse String\04. Reverse String.csproj", "{8C6F45AE-DA56-45D0-8EAA-44814BBDADA0}"
EndProject
Project("{FAE04EC0-301F-11D3-BF4B-00C04F79EFBC}") = "05. Messages", "05. Messages\05. Messages.csproj", "{7CAF6500-7271-4950-A9B7-F131E4DA78BB}"
EndProject
Global
	GlobalSection(SolutionConfigurationPlatforms) = preSolution
		Debug|Any CPU = Debug|Any CPU
		Release|Any CPU = Release|Any CPU
	EndGlobalSection
	GlobalSection(ProjectConfigurationPlatforms) = postSolution
		{6D55CCB2-3E65-45C9-9F7D-6473499CC090}.Debug|Any CPU.ActiveCfg = Debug|Any CPU
		{6D55CCB2-3E65-45C9-9F7D-6473499CC090}.Debug|Any CPU.Build.0 = Debug|Any CPU
		{6D55CCB2-3E65-45C9-9F7D-6473499CC090}.Release|Any CPU.ActiveCfg = Release|Any CPU
		{6D55CCB2-3E65-45C9-9F7D-6473499CC090}.Release|Any CPU.Build.0 = Release|Any CPU
		{99B4D3D1-C562-4E3E-AA0D-EE7D6E61D253}.Debug|Any CPU.ActiveCfg = Debug|Any CPU
		{99B4D3D1-C562-4E3E-AA0D-EE7D6E61D253}.Debug|Any CPU.Build.0 = Debug|Any CPU
		{99B4D3D1-C562-4E3E-AA0D-EE7D6E61D253}.Release|Any CPU.ActiveCfg = Release|Any CPU
		{99B4D3D1-C562-4E3E-AA0D-EE7D6E61D253}.Release|Any CPU.Build.0 = Release|Any CPU
		{8E8E8E52-F524-4D4E-874D-A9CB22F9024E}.Debug|Any CPU.ActiveCfg = Debug|Any CPU
		{8E8E8E52-F524-4D4E-874D-A9CB22F9024E}.Debug|Any CPU.Build.0 = Debug|Any CPU
		{8E8E8E52-F524-4D4E-874D-A9CB22F9024E}.Release|Any CPU.ActiveCfg = Release|Any CPU
		{8E8E8E52-F524-4D4E-874D-A9CB22F9024E}.Release|Any CPU.Build.0 = Release|Any CPU
		{B26B0CA4-47DD-4623-8750-7612CB982962}.Debug|Any CPU.ActiveCfg = Debug|Any CPU
		{B26B0CA4-47DD-4623-8750-7612CB982962}.Debug|Any CPU.Build.0 = Debug|Any CPU
		{B26B0CA4-47DD-4623-8750-7612CB982962}.Release|Any CPU.ActiveCfg = Release|Any CPU
		{B26B0CA4-47DD-4623-8750-7612CB982962}.Release|Any CPU.Build.0 = Release|Any CPU
		{348F10F4-8618-422C-B190-0D8B0275E9A4}.Debug|Any CPU.ActiveCfg = Debug|Any CPU
		{348F10F4-8618-422C-B190-0D8B0275E9A4}.Debug|Any CPU.Build.0 = Debug|Any CPU
		{348F10F4-8618-422C-B190-0D8B0275E9A4}.Release|Any CPU.ActiveCfg = Release|Any CPU
		{348F10F4-8618-422C-B190-0D8B0275E9A4}.Release|Any CPU.Build.0 = Release|Any CPU
		{F2E0697A-0614-4B60-A5F0-A855AE74D9C5}.Debug|Any CPU.ActiveCfg = Debug|Any CPU
		{F2E0697A-0614-4B60-A5F0-A855AE74D9C5}.Debug|Any CPU.Build.0 = Debug|Any CPU
		{F2E0697A-0614-4B60-A5F0-A855AE74D9C5}.Release|Any CPU.ActiveCfg = Release|Any CPU
		{F2E0697A-0614-4B60-A5F0-A855AE74D9C5}.Release|Any CPU.Build.0 = Release|Any CPU
		{54A39068-9A11-452E-8587-38FE8B1D526F}.Debug|Any CPU.ActiveCfg = Debug|Any CPU
		{54A39068-9A11-452E-8587-38FE8B1D526F}.Debug|Any CPU.Build.0 = Debug|Any CPU
		{54A39068-9A11-452E-8587-38FE8B1D526F}.Release|Any CPU.ActiveCfg = Release|Any CPU
		{54A39068-9A11-452E-8587-38FE8B1D526F}.Release|Any CPU.Build.0 = Release|Any CPU
		{3C448357-A0CF-4449-96A7-86ACEB27A84E}.Debug|Any CPU.ActiveCfg = Debug|Any CPU
		{3C448357-A0CF-4449-96A7-86ACEB27A84E}.Debug|Any CPU.Build.0 = Debug|Any CPU
		{3C448357-A0CF-4449-96A7-86ACEB27A84E}.Release|Any CPU.ActiveCfg = Release|Any CPU
		{3C448357-A0CF-4449-96A7-86ACEB27A84E}.Release|Any CPU.Build.0 = Release|Any CPU
		{B17BF923-59E6-4A19-9520-0113AECC5717}.Debug|Any CPU.ActiveCfg = Debug|Any CPU
		{B17BF923-59E6-4A19-9520-0113AECC5717}.Debug|Any CPU.Build.0 = Debug|Any CPU
		{B17BF923-59E6-4A19-9520-0113AECC5717}.Release|Any CPU.ActiveCfg = Release|Any CPU
		{B17BF923-59E6-4A19-9520-0113AECC5717}.Release|Any CPU.Build.0 = Release|Any CPU
		{EB7D93E0-7E2D-4980-8C3C-1D489A0B7BF6}.Debug|Any CPU.ActiveCfg = Debug|Any CPU
		{EB7D93E0-7E2D-4980-8C3C-1D489A0B7BF6}.Debug|Any CPU.Build.0 = Debug|Any CPU
		{EB7D93E0-7E2D-4980-8C3C-1D489A0B7BF6}.Release|Any CPU.ActiveCfg = Release|Any CPU
		{EB7D93E0-7E2D-4980-8C3C-1D489A0B7BF6}.Release|Any CPU.Build.0 = Release|Any CPU
		{4A97164F-CBFF-42FD-BFEE-9B82CD30B1B7}.Debug|Any CPU.ActiveCfg = Debug|Any CPU
		{4A97164F-CBFF-42FD-BFEE-9B82CD30B1B7}.Debug|Any CPU.Build.0 = Debug|Any CPU
		{4A97164F-CBFF-42FD-BFEE-9B82CD30B1B7}.Release|Any CPU.ActiveCfg = Release|Any CPU
		{4A97164F-CBFF-42FD-BFEE-9B82CD30B1B7}.Release|Any CPU.Build.0 = Release|Any CPU
		{FBF92BDE-2D00-425C-A656-67599136EAFF}.Debug|Any CPU.ActiveCfg = Debug|Any CPU
		{FBF92BDE-2D00-425C-A656-67599136EAFF}.Debug|Any CPU.Build.0 = Debug|Any CPU
		{FBF92BDE-2D00-425C-A656-67599136EAFF}.Release|Any CPU.ActiveCfg = Release|Any CPU
		{FBF92BDE-2D00-425C-A656-67599136EAFF}.Release|Any CPU.Build.0 = Release|Any CPU
		{CBAA6D43-A6DE-451E-AA8B-F0B87ADF92EB}.Debug|Any CPU.ActiveCfg = Debug|Any CPU
		{CBAA6D43-A6DE-451E-AA8B-F0B87ADF92EB}.Debug|Any CPU.Build.0 = Debug|Any CPU
		{CBAA6D43-A6DE-451E-AA8B-F0B87ADF92EB}.Release|Any CPU.ActiveCfg = Release|Any CPU
		{CBAA6D43-A6DE-451E-AA8B-F0B87ADF92EB}.Release|Any CPU.Build.0 = Release|Any CPU
		{5935C8C9-1473-4587-BF2B-67C790F0494A}.Debug|Any CPU.ActiveCfg = Debug|Any CPU
		{5935C8C9-1473-4587-BF2B-67C790F0494A}.Debug|Any CPU.Build.0 = Debug|Any CPU
		{5935C8C9-1473-4587-BF2B-67C790F0494A}.Release|Any CPU.ActiveCfg = Release|Any CPU
		{5935C8C9-1473-4587-BF2B-67C790F0494A}.Release|Any CPU.Build.0 = Release|Any CPU
		{0DE86A1B-A279-4250-B569-0E832B8A9BBA}.Debug|Any CPU.ActiveCfg = Debug|Any CPU
		{0DE86A1B-A279-4250-B569-0E832B8A9BBA}.Debug|Any CPU.Build.0 = Debug|Any CPU
		{0DE86A1B-A279-4250-B569-0E832B8A9BBA}.Release|Any CPU.ActiveCfg = Release|Any CPU
		{0DE86A1B-A279-4250-B569-0E832B8A9BBA}.Release|Any CPU.Build.0 = Release|Any CPU
		{8C6F45AE-DA56-45D0-8EAA-44814BBDADA0}.Debug|Any CPU.ActiveCfg = Debug|Any CPU
		{8C6F45AE-DA56-45D0-8EAA-44814BBDADA0}.Debug|Any CPU.Build.0 = Debug|Any CPU
		{8C6F45AE-DA56-45D0-8EAA-44814BBDADA0}.Release|Any CPU.ActiveCfg = Release|Any CPU
		{8C6F45AE-DA56-45D0-8EAA-44814BBDADA0}.Release|Any CPU.Build.0 = Release|Any CPU
		{7CAF6500-7271-4950-A9B7-F131E4DA78BB}.Debug|Any CPU.ActiveCfg = Debug|Any CPU
		{7CAF6500-7271-4950-A9B7-F131E4DA78BB}.Debug|Any CPU.Build.0 = Debug|Any CPU
		{7CAF6500-7271-4950-A9B7-F131E4DA78BB}.Release|Any CPU.ActiveCfg = Release|Any CPU
		{7CAF6500-7271-4950-A9B7-F131E4DA78BB}.Release|Any CPU.Build.0 = Release|Any CPU
	EndGlobalSection
	GlobalSection(SolutionProperties) = preSolution
		HideSolutionNode = FALSE
	EndGlobalSection
	GlobalSection(ExtensibilityGlobals) = postSolution
		SolutionGuid = {71C74484-7103-46E9-BB9A-47C3A14A9EFA}
	EndGlobalSection
EndGlobal
